
Microsoft Visual Studio Solution File, Format Version 12.00
# Visual Studio Version 16
VisualStudioVersion = 16.0.30717.126
MinimumVisualStudioVersion = 10.0.40219.1
Project("{9A19103F-16F7-4668-BE54-9A1E7A4F7556}") = "EmployeeMangement", "EmployeeMangement\EmployeeMangement.csproj", "{19971CD3-1CD7-464E-A80F-5CE55DFB7A8B}"
EndProject
Global
	GlobalSection(SolutionConfigurationPlatforms) = preSolution
		Debug|Any CPU = Debug|Any CPU
		Release|Any CPU = Release|Any CPU
	EndGlobalSection
	GlobalSection(ProjectConfigurationPlatforms) = postSolution
		{19971CD3-1CD7-464E-A80F-5CE55DFB7A8B}.Debug|Any CPU.ActiveCfg = Debug|Any CPU
		{19971CD3-1CD7-464E-A80F-5CE55DFB7A8B}.Debug|Any CPU.Build.0 = Debug|Any CPU
		{19971CD3-1CD7-464E-A80F-5CE55DFB7A8B}.Release|Any CPU.ActiveCfg = Release|Any CPU
		{19971CD3-1CD7-464E-A80F-5CE55DFB7A8B}.Release|Any CPU.Build.0 = Release|Any CPU
	EndGlobalSection
	GlobalSection(SolutionProperties) = preSolution
		HideSolutionNode = FALSE
	EndGlobalSection
	GlobalSection(ExtensibilityGlobals) = postSolution
		SolutionGuid = {EF852EE7-92F7-46A1-B036-3E3D8840EC5F}
	EndGlobalSection
EndGlobal
